
Microsoft Visual Studio Solution File, Format Version 12.00
# Visual Studio Version 16
VisualStudioVersion = 16.0.30517.126
MinimumVisualStudioVersion = 10.0.40219.1
Project("{FAE04EC0-301F-11D3-BF4B-00C04F79EFBC}") = "ProjectHeartstone.UWP", "ProjectHeartstone.UWP\ProjectHeartstone.UWP.csproj", "{833407EC-624F-4845-BEA2-9EA1B3F27865}"
EndProject
Project("{FAE04EC0-301F-11D3-BF4B-00C04F79EFBC}") = "ProjectHeartstone.Android", "ProjectHeartstone.Android\ProjectHeartstone.Android.csproj", "{058A3419-5F3C-4631-9570-4B70F83AF86A}"
EndProject
Project("{FAE04EC0-301F-11D3-BF4B-00C04F79EFBC}") = "ProjectHeartstone", "ProjectHeartstone\ProjectHeartstone.csproj", "{5C27801E-3BCE-4F19-887C-362E19E86301}"
EndProject
Global
	GlobalSection(SolutionConfigurationPlatforms) = preSolution
		Debug|Any CPU = Debug|Any CPU
		Debug|ARM = Debug|ARM
		Debug|x64 = Debug|x64
		Debug|x86 = Debug|x86
		Release|Any CPU = Release|Any CPU
		Release|ARM = Release|ARM
		Release|x64 = Release|x64
		Release|x86 = Release|x86
	EndGlobalSection
	GlobalSection(ProjectConfigurationPlatforms) = postSolution
		{833407EC-624F-4845-BEA2-9EA1B3F27865}.Debug|Any CPU.ActiveCfg = Debug|x86
		{833407EC-624F-4845-BEA2-9EA1B3F27865}.Debug|Any CPU.Build.0 = Debug|x86
		{833407EC-624F-4845-BEA2-9EA1B3F27865}.Debug|Any CPU.Deploy.0 = Debug|x86
		{833407EC-624F-4845-BEA2-9EA1B3F27865}.Debug|ARM.ActiveCfg = Debug|ARM
		{833407EC-624F-4845-BEA2-9EA1B3F27865}.Debug|ARM.Build.0 = Debug|ARM
		{833407EC-624F-4845-BEA2-9EA1B3F27865}.Debug|ARM.Deploy.0 = Debug|ARM
		{833407EC-624F-4845-BEA2-9EA1B3F27865}.Debug|x64.ActiveCfg = Debug|x64
		{833407EC-624F-4845-BEA2-9EA1B3F27865}.Debug|x64.Build.0 = Debug|x64
		{833407EC-624F-4845-BEA2-9EA1B3F27865}.Debug|x64.Deploy.0 = Debug|x64
		{833407EC-624F-4845-BEA2-9EA1B3F27865}.Debug|x86.ActiveCfg = Debug|x86
		{833407EC-624F-4845-BEA2-9EA1B3F27865}.Debug|x86.Build.0 = Debug|x86
		{833407EC-624F-4845-BEA2-9EA1B3F27865}.Debug|x86.Deploy.0 = Debug|x86
		{833407EC-624F-4845-BEA2-9EA1B3F27865}.Release|Any CPU.ActiveCfg = Release|x86
		{833407EC-624F-4845-BEA2-9EA1B3F27865}.Release|Any CPU.Build.0 = Release|x86
		{833407EC-624F-4845-BEA2-9EA1B3F27865}.Release|Any CPU.Deploy.0 = Release|x86
		{833407EC-624F-4845-BEA2-9EA1B3F27865}.Release|ARM.ActiveCfg = Release|ARM
		{833407EC-624F-4845-BEA2-9EA1B3F27865}.Release|ARM.Build.0 = Release|ARM
		{833407EC-624F-4845-BEA2-9EA1B3F27865}.Release|ARM.Deploy.0 = Release|ARM
		{833407EC-624F-4845-BEA2-9EA1B3F27865}.Release|x64.ActiveCfg = Release|x64
		{833407EC-624F-4845-BEA2-9EA1B3F27865}.Release|x64.Build.0 = Release|x64
		{833407EC-624F-4845-BEA2-9EA1B3F27865}.Release|x64.Deploy.0 = Release|x64
		{833407EC-624F-4845-BEA2-9EA1B3F27865}.Release|x86.ActiveCfg = Release|x86
		{833407EC-624F-4845-BEA2-9EA1B3F27865}.Release|x86.Build.0 = Release|x86
		{833407EC-624F-4845-BEA2-9EA1B3F27865}.Release|x86.Deploy.0 = Release|x86
		{058A3419-5F3C-4631-9570-4B70F83AF86A}.Debug|Any CPU.ActiveCfg = Debug|Any CPU
		{058A3419-5F3C-4631-9570-4B70F83AF86A}.Debug|Any CPU.Build.0 = Debug|Any CPU
		{058A3419-5F3C-4631-9570-4B70F83AF86A}.Debug|Any CPU.Deploy.0 = Debug|Any CPU
		{058A3419-5F3C-4631-9570-4B70F83AF86A}.Debug|ARM.ActiveCfg = Debug|Any CPU
		{058A3419-5F3C-4631-9570-4B70F83AF86A}.Debug|ARM.Build.0 = Debug|Any CPU
		{058A3419-5F3C-4631-9570-4B70F83AF86A}.Debug|ARM.Deploy.0 = Debug|Any CPU
		{058A3419-5F3C-4631-9570-4B70F83AF86A}.Debug|x64.ActiveCfg = Debug|Any CPU
		{058A3419-5F3C-4631-9570-4B70F83AF86A}.Debug|x64.Build.0 = Debug|Any CPU
		{058A3419-5F3C-4631-9570-4B70F83AF86A}.Debug|x64.Deploy.0 = Debug|Any CPU
		{058A3419-5F3C-4631-9570-4B70F83AF86A}.Debug|x86.ActiveCfg = Debug|Any CPU
		{058A3419-5F3C-4631-9570-4B70F83AF86A}.Debug|x86.Build.0 = Debug|Any CPU
		{058A3419-5F3C-4631-9570-4B70F83AF86A}.Debug|x86.Deploy.0 = Debug|Any CPU
		{058A3419-5F3C-4631-9570-4B70F83AF86A}.Release|Any CPU.ActiveCfg = Release|Any CPU
		{058A3419-5F3C-4631-9570-4B70F83AF86A}.Release|Any CPU.Build.0 = Release|Any CPU
		{058A3419-5F3C-4631-9570-4B70F83AF86A}.Release|Any CPU.Deploy.0 = Release|Any CPU
		{058A3419-5F3C-4631-9570-4B70F83AF86A}.Release|ARM.ActiveCfg = Release|Any CPU
		{058A3419-5F3C-4631-9570-4B70F83AF86A}.Release|ARM.Build.0 = Release|Any CPU
		{058A3419-5F3C-4631-9570-4B70F83AF86A}.Release|ARM.Deploy.0 = Release|Any CPU
		{058A3419-5F3C-4631-9570-4B70F83AF86A}.Release|x64.ActiveCfg = Release|Any CPU
		{058A3419-5F3C-4631-9570-4B70F83AF86A}.Release|x64.Build.0 = Release|Any CPU
		{058A3419-5F3C-4631-9570-4B70F83AF86A}.Release|x64.Deploy.0 = Release|Any CPU
		{058A3419-5F3C-4631-9570-4B70F83AF86A}.Release|x86.ActiveCfg = Release|Any CPU
		{058A3419-5F3C-4631-9570-4B70F83AF86A}.Release|x86.Build.0 = Release|Any CPU
		{058A3419-5F3C-4631-9570-4B70F83AF86A}.Release|x86.Deploy.0 = Release|Any CPU
		{5C27801E-3BCE-4F19-887C-362E19E86301}.Debug|Any CPU.ActiveCfg = Debug|Any CPU
		{5C27801E-3BCE-4F19-887C-362E19E86301}.Debug|Any CPU.Build.0 = Debug|Any CPU
		{5C27801E-3BCE-4F19-887C-362E19E86301}.Debug|Any CPU.Deploy.0 = Debug|Any CPU
		{5C27801E-3BCE-4F19-887C-362E19E86301}.Debug|ARM.ActiveCfg = Debug|Any CPU
		{5C27801E-3BCE-4F19-887C-362E19E86301}.Debug|ARM.Build.0 = Debug|Any CPU
		{5C27801E-3BCE-4F19-887C-362E19E86301}.Debug|ARM.Deploy.0 = Debug|Any CPU
		{5C27801E-3BCE-4F19-887C-362E19E86301}.Debug|x64.ActiveCfg = Debug|Any CPU
		{5C27801E-3BCE-4F19-887C-362E19E86301}.Debug|x64.Build.0 = Debug|Any CPU
		{5C27801E-3BCE-4F19-887C-362E19E86301}.Debug|x64.Deploy.0 = Debug|Any CPU
		{5C27801E-3BCE-4F19-887C-362E19E86301}.Debug|x86.ActiveCfg = Debug|Any CPU
		{5C27801E-3BCE-4F19-887C-362E19E86301}.Debug|x86.Build.0 = Debug|Any CPU
		{5C27801E-3BCE-4F19-887C-362E19E86301}.Debug|x86.Deploy.0 = Debug|Any CPU
		{5C27801E-3BCE-4F19-887C-362E19E86301}.Release|Any CPU.ActiveCfg = Release|Any CPU
		{5C27801E-3BCE-4F19-887C-362E19E86301}.Release|Any CPU.Build.0 = Release|Any CPU
		{5C27801E-3BCE-4F19-887C-362E19E86301}.Release|Any CPU.Deploy.0 = Release|Any CPU
		{5C27801E-3BCE-4F19-887C-362E19E86301}.Release|ARM.ActiveCfg = Release|Any CPU
		{5C27801E-3BCE-4F19-887C-362E19E86301}.Release|ARM.Build.0 = Release|Any CPU
		{5C27801E-3BCE-4F19-887C-362E19E86301}.Release|ARM.Deploy.0 = Release|Any CPU
		{5C27801E-3BCE-4F19-887C-362E19E86301}.Release|x64.ActiveCfg = Release|Any CPU
		{5C27801E-3BCE-4F19-887C-362E19E86301}.Release|x64.Build.0 = Release|Any CPU
		{5C27801E-3BCE-4F19-887C-362E19E86301}.Release|x64.Deploy.0 = Release|Any CPU
		{5C27801E-3BCE-4F19-887C-362E19E86301}.Release|x86.ActiveCfg = Release|Any CPU
		{5C27801E-3BCE-4F19-887C-362E19E86301}.Release|x86.Build.0 = Release|Any CPU
		{5C27801E-3BCE-4F19-887C-362E19E86301}.Release|x86.Deploy.0 = Release|Any CPU
	EndGlobalSection
	GlobalSection(SolutionProperties) = preSolution
		HideSolutionNode = FALSE
	EndGlobalSection
	GlobalSection(ExtensibilityGlobals) = postSolution
		SolutionGuid = {4448C097-42C8-4868-99B4-2FEE07B092E0}
	EndGlobalSection
EndGlobal
